
Microsoft Visual Studio Solution File, Format Version 12.00
# Visual Studio Version 17
VisualStudioVersion = 17.9.34902.65
MinimumVisualStudioVersion = 10.0.40219.1
Project("{FAE04EC0-301F-11D3-BF4B-00C04F79EFBC}") = "ViewBagExample", "ViewBagExample\ViewBagExample.csproj", "{FF1CECA2-801E-4EE1-8D84-02665A70B8BB}"
EndProject
Global
	GlobalSection(SolutionConfigurationPlatforms) = preSolution
		Debug|Any CPU = Debug|Any CPU
		Release|Any CPU = Release|Any CPU
	EndGlobalSection
	GlobalSection(ProjectConfigurationPlatforms) = postSolution
		{FF1CECA2-801E-4EE1-8D84-02665A70B8BB}.Debug|Any CPU.ActiveCfg = Debug|Any CPU
		{FF1CECA2-801E-4EE1-8D84-02665A70B8BB}.Debug|Any CPU.Build.0 = Debug|Any CPU
		{FF1CECA2-801E-4EE1-8D84-02665A70B8BB}.Release|Any CPU.ActiveCfg = Release|Any CPU
		{FF1CECA2-801E-4EE1-8D84-02665A70B8BB}.Release|Any CPU.Build.0 = Release|Any CPU
	EndGlobalSection
	GlobalSection(SolutionProperties) = preSolution
		HideSolutionNode = FALSE
	EndGlobalSection
	GlobalSection(ExtensibilityGlobals) = postSolution
		SolutionGuid = {9C7D9D97-FDC6-41DC-83EC-BBC8EBF784A2}
	EndGlobalSection
EndGlobal
